
Microsoft Visual Studio Solution File, Format Version 12.00
# Visual Studio 15
VisualStudioVersion = 15.0.27130.2010
MinimumVisualStudioVersion = 10.0.40219.1
Project("{FAE04EC0-301F-11D3-BF4B-00C04F79EFBC}") = "Pitangueiros.Blog.Domain.Entities", "Pitangueiros.Blog.Entities\Pitangueiros.Blog.Domain.Entities.csproj", "{F4758712-939C-450F-996E-8AB6AD9DB677}"
EndProject
Project("{2150E333-8FDC-42A3-9474-1A3956D46DE8}") = "Domain", "Domain", "{B882BE85-C065-4D07-97EC-23558B584339}"
EndProject
Project("{2150E333-8FDC-42A3-9474-1A3956D46DE8}") = "Application", "Application", "{042C778D-6781-4534-AC4A-9284D3AA4BC4}"
EndProject
Project("{2150E333-8FDC-42A3-9474-1A3956D46DE8}") = "Distribution", "Distribution", "{7B06E24A-B65C-449A-ADC3-744F6CCCC171}"
EndProject
Project("{2150E333-8FDC-42A3-9474-1A3956D46DE8}") = "Crosscutting", "Crosscutting", "{0BB33088-01DF-4F50-8754-C0C8D49AA952}"
EndProject
Project("{FAE04EC0-301F-11D3-BF4B-00C04F79EFBC}") = "Pitangueiros.Blog.Domain.Contracts", "Pitangueiros.Blog.Domain.Contracts\Pitangueiros.Blog.Domain.Contracts.csproj", "{6D21F0C1-023B-467C-BAC6-F6671BBA9F80}"
EndProject
Project("{FAE04EC0-301F-11D3-BF4B-00C04F79EFBC}") = "Pitangueiros.Blog.Domain.Services.Impl", "Pitangueiros.Blog.Domain.Services.Impl\Pitangueiros.Blog.Domain.Services.Impl.csproj", "{038DFED9-A4D6-4731-95EC-5865C774B6BC}"
EndProject
Project("{FAE04EC0-301F-11D3-BF4B-00C04F79EFBC}") = "Pitangueiros.Blog.App.Contracts", "Pitangueiros.Blog.App.Contracts\Pitangueiros.Blog.App.Contracts.csproj", "{28723907-9EA5-4B4B-AB7A-B75A1F202F4C}"
EndProject
Project("{FAE04EC0-301F-11D3-BF4B-00C04F79EFBC}") = "Pitangueiros.Blog.App.Services.Impl", "Pitangueiros.Blog.App.Services.Impl\Pitangueiros.Blog.App.Services.Impl.csproj", "{D155909F-B0CB-4D1A-AF70-EFD22DD89E0C}"
EndProject
Project("{FAE04EC0-301F-11D3-BF4B-00C04F79EFBC}") = "Pitangueiros.Blog.App.Entities", "Pitangueiros.Blog.App.Entities\Pitangueiros.Blog.App.Entities.csproj", "{EAAD2D94-C58E-4F26-A4A4-4E8E7B0FB931}"
EndProject
Project("{FAE04EC0-301F-11D3-BF4B-00C04F79EFBC}") = "Pitangueiros.Blog.Distribution.WebApi", "Pitangueiros.Blog.Distribution.WebApi\Pitangueiros.Blog.Distribution.WebApi.csproj", "{B94A2B4A-F4AD-4FFC-AF0B-A34891F636FB}"
EndProject
Global
	GlobalSection(SolutionConfigurationPlatforms) = preSolution
		Debug|Any CPU = Debug|Any CPU
		Release|Any CPU = Release|Any CPU
	EndGlobalSection
	GlobalSection(ProjectConfigurationPlatforms) = postSolution
		{F4758712-939C-450F-996E-8AB6AD9DB677}.Debug|Any CPU.ActiveCfg = Debug|Any CPU
		{F4758712-939C-450F-996E-8AB6AD9DB677}.Debug|Any CPU.Build.0 = Debug|Any CPU
		{F4758712-939C-450F-996E-8AB6AD9DB677}.Release|Any CPU.ActiveCfg = Release|Any CPU
		{F4758712-939C-450F-996E-8AB6AD9DB677}.Release|Any CPU.Build.0 = Release|Any CPU
		{6D21F0C1-023B-467C-BAC6-F6671BBA9F80}.Debug|Any CPU.ActiveCfg = Debug|Any CPU
		{6D21F0C1-023B-467C-BAC6-F6671BBA9F80}.Debug|Any CPU.Build.0 = Debug|Any CPU
		{6D21F0C1-023B-467C-BAC6-F6671BBA9F80}.Release|Any CPU.ActiveCfg = Release|Any CPU
		{6D21F0C1-023B-467C-BAC6-F6671BBA9F80}.Release|Any CPU.Build.0 = Release|Any CPU
		{038DFED9-A4D6-4731-95EC-5865C774B6BC}.Debug|Any CPU.ActiveCfg = Debug|Any CPU
		{038DFED9-A4D6-4731-95EC-5865C774B6BC}.Debug|Any CPU.Build.0 = Debug|Any CPU
		{038DFED9-A4D6-4731-95EC-5865C774B6BC}.Release|Any CPU.ActiveCfg = Release|Any CPU
		{038DFED9-A4D6-4731-95EC-5865C774B6BC}.Release|Any CPU.Build.0 = Release|Any CPU
		{28723907-9EA5-4B4B-AB7A-B75A1F202F4C}.Debug|Any CPU.ActiveCfg = Debug|Any CPU
		{28723907-9EA5-4B4B-AB7A-B75A1F202F4C}.Debug|Any CPU.Build.0 = Debug|Any CPU
		{28723907-9EA5-4B4B-AB7A-B75A1F202F4C}.Release|Any CPU.ActiveCfg = Release|Any CPU
		{28723907-9EA5-4B4B-AB7A-B75A1F202F4C}.Release|Any CPU.Build.0 = Release|Any CPU
		{D155909F-B0CB-4D1A-AF70-EFD22DD89E0C}.Debug|Any CPU.ActiveCfg = Debug|Any CPU
		{D155909F-B0CB-4D1A-AF70-EFD22DD89E0C}.Debug|Any CPU.Build.0 = Debug|Any CPU
		{D155909F-B0CB-4D1A-AF70-EFD22DD89E0C}.Release|Any CPU.ActiveCfg = Release|Any CPU
		{D155909F-B0CB-4D1A-AF70-EFD22DD89E0C}.Release|Any CPU.Build.0 = Release|Any CPU
		{EAAD2D94-C58E-4F26-A4A4-4E8E7B0FB931}.Debug|Any CPU.ActiveCfg = Debug|Any CPU
		{EAAD2D94-C58E-4F26-A4A4-4E8E7B0FB931}.Debug|Any CPU.Build.0 = Debug|Any CPU
		{EAAD2D94-C58E-4F26-A4A4-4E8E7B0FB931}.Release|Any CPU.ActiveCfg = Release|Any CPU
		{EAAD2D94-C58E-4F26-A4A4-4E8E7B0FB931}.Release|Any CPU.Build.0 = Release|Any CPU
		{B94A2B4A-F4AD-4FFC-AF0B-A34891F636FB}.Debug|Any CPU.ActiveCfg = Debug|Any CPU
		{B94A2B4A-F4AD-4FFC-AF0B-A34891F636FB}.Debug|Any CPU.Build.0 = Debug|Any CPU
		{B94A2B4A-F4AD-4FFC-AF0B-A34891F636FB}.Release|Any CPU.ActiveCfg = Release|Any CPU
		{B94A2B4A-F4AD-4FFC-AF0B-A34891F636FB}.Release|Any CPU.Build.0 = Release|Any CPU
	EndGlobalSection
	GlobalSection(SolutionProperties) = preSolution
		HideSolutionNode = FALSE
	EndGlobalSection
	GlobalSection(NestedProjects) = preSolution
		{F4758712-939C-450F-996E-8AB6AD9DB677} = {B882BE85-C065-4D07-97EC-23558B584339}
		{6D21F0C1-023B-467C-BAC6-F6671BBA9F80} = {B882BE85-C065-4D07-97EC-23558B584339}
		{038DFED9-A4D6-4731-95EC-5865C774B6BC} = {B882BE85-C065-4D07-97EC-23558B584339}
		{28723907-9EA5-4B4B-AB7A-B75A1F202F4C} = {042C778D-6781-4534-AC4A-9284D3AA4BC4}
		{D155909F-B0CB-4D1A-AF70-EFD22DD89E0C} = {042C778D-6781-4534-AC4A-9284D3AA4BC4}
		{EAAD2D94-C58E-4F26-A4A4-4E8E7B0FB931} = {042C778D-6781-4534-AC4A-9284D3AA4BC4}
		{B94A2B4A-F4AD-4FFC-AF0B-A34891F636FB} = {7B06E24A-B65C-449A-ADC3-744F6CCCC171}
	EndGlobalSection
	GlobalSection(ExtensibilityGlobals) = postSolution
		SolutionGuid = {9EC6BED9-B8C4-45DE-A9A2-F03ED47B5005}
	EndGlobalSection
EndGlobal
